
Microsoft Visual Studio Solution File, Format Version 12.00
# Visual Studio Version 17
VisualStudioVersion = 17.2.32516.85
MinimumVisualStudioVersion = 10.0.40219.1
Project("{9A19103F-16F7-4668-BE54-9A1E7A4F7556}") = "ShorteningWebService", "ShorteningWebService.csproj", "{9792956A-79D9-4D5B-B66D-33677A302DE1}"
EndProject
Project("{2150E333-8FDC-42A3-9474-1A3956D46DE8}") = "Solutions setttings", "Solutions setttings", "{6B35EBAB-0E04-48E2-B33E-260B646569B0}"
	ProjectSection(SolutionItems) = preProject
		.editorconfig = .editorconfig
	EndProjectSection
EndProject
Global
	GlobalSection(SolutionConfigurationPlatforms) = preSolution
		Debug|Any CPU = Debug|Any CPU
		Release|Any CPU = Release|Any CPU
	EndGlobalSection
	GlobalSection(ProjectConfigurationPlatforms) = postSolution
		{9792956A-79D9-4D5B-B66D-33677A302DE1}.Debug|Any CPU.ActiveCfg = Debug|Any CPU
		{9792956A-79D9-4D5B-B66D-33677A302DE1}.Debug|Any CPU.Build.0 = Debug|Any CPU
		{9792956A-79D9-4D5B-B66D-33677A302DE1}.Release|Any CPU.ActiveCfg = Release|Any CPU
		{9792956A-79D9-4D5B-B66D-33677A302DE1}.Release|Any CPU.Build.0 = Release|Any CPU
	EndGlobalSection
	GlobalSection(SolutionProperties) = preSolution
		HideSolutionNode = FALSE
	EndGlobalSection
	GlobalSection(ExtensibilityGlobals) = postSolution
		SolutionGuid = {7FCE0C21-6566-4121-A1CE-3C125CBC248A}
	EndGlobalSection
EndGlobal
